# This file is automatically @generated by Cargo.
# It is not intended for manual editing.
version = 4

[[package]]
name = "adder"
version = "0.1.0"

[[package]]
name = "adder_ect"
version = "0.1.0"

[[package]]
name = "adder_fourth"
version = "0.1.0"

[[package]]
name = "adder_second"
version = "0.1.0"

[[package]]
name = "adder_third"
version = "0.1.0"
