# This file is automatically @generated by Cargo.
# It is not intended for manual editing.
version = 4

[[package]]
name = "closures1"
version = "0.1.0"

[[package]]
name = "iterator_pattern"
version = "0.1.0"

[[package]]
name = "shirt-inventory"
version = "0.1.0"

[[package]]
name = "shoes_size"
version = "0.1.0"
